
Microsoft Visual Studio Solution File, Format Version 12.00
# Visual Studio Version 17
VisualStudioVersion = 17.2.32526.322
MinimumVisualStudioVersion = 10.0.40219.1
Project("{9A19103F-16F7-4668-BE54-9A1E7A4F7556}") = "Exercicio3", "Exercicio3\Exercicio3.csproj", "{14202150-6201-4241-8A10-72643A2EF95C}"
EndProject
Project("{2150E333-8FDC-42A3-9474-1A3956D46DE8}") = "Solution Items", "Solution Items", "{73F22C41-9953-481E-8436-AA37E992F507}"
	ProjectSection(SolutionItems) = preProject
		.editorconfig = .editorconfig
	EndProjectSection
EndProject
Project("{FAE04EC0-301F-11D3-BF4B-00C04F79EFBC}") = "Exercicio2", "Exercicio2\Exercicio2.csproj", "{54048D62-F6EB-4C14-AC3C-D84CC0C49D18}"
EndProject
Global
	GlobalSection(SolutionConfigurationPlatforms) = preSolution
		Debug|Any CPU = Debug|Any CPU
		Release|Any CPU = Release|Any CPU
	EndGlobalSection
	GlobalSection(ProjectConfigurationPlatforms) = postSolution
		{14202150-6201-4241-8A10-72643A2EF95C}.Debug|Any CPU.ActiveCfg = Debug|Any CPU
		{14202150-6201-4241-8A10-72643A2EF95C}.Debug|Any CPU.Build.0 = Debug|Any CPU
		{14202150-6201-4241-8A10-72643A2EF95C}.Release|Any CPU.ActiveCfg = Release|Any CPU
		{14202150-6201-4241-8A10-72643A2EF95C}.Release|Any CPU.Build.0 = Release|Any CPU
		{54048D62-F6EB-4C14-AC3C-D84CC0C49D18}.Debug|Any CPU.ActiveCfg = Debug|Any CPU
		{54048D62-F6EB-4C14-AC3C-D84CC0C49D18}.Debug|Any CPU.Build.0 = Debug|Any CPU
		{54048D62-F6EB-4C14-AC3C-D84CC0C49D18}.Release|Any CPU.ActiveCfg = Release|Any CPU
		{54048D62-F6EB-4C14-AC3C-D84CC0C49D18}.Release|Any CPU.Build.0 = Release|Any CPU
	EndGlobalSection
	GlobalSection(SolutionProperties) = preSolution
		HideSolutionNode = FALSE
	EndGlobalSection
	GlobalSection(ExtensibilityGlobals) = postSolution
		SolutionGuid = {F937D604-51F8-4A33-8FFB-42A99DEE2889}
	EndGlobalSection
EndGlobal
